// !$*UTF8*$!
{
	archiveVersion = 1;
	classes = {
	};
	objectVersion = 46;
	objects = {

/* Begin PBXBuildFile section */
		699F9A0E1E6C8DE9003E2F0B /* AppDelegate.swift in Sources */ = {isa = PBXBuildFile; fileRef = 699F9A0D1E6C8DE9003E2F0B /* AppDelegate.swift */; };
		699F9A101E6C8DE9003E2F0B /* ViewController.swift in Sources */ = {isa = PBXBuildFile; fileRef = 699F9A0F1E6C8DE9003E2F0B /* ViewController.swift */; };
		699F9A131E6C8DE9003E2F0B /* Main.storyboard in Resources */ = {isa = PBXBuildFile; fileRef = 699F9A111E6C8DE9003E2F0B /* Main.storyboard */; };
		699F9A151E6C8DE9003E2F0B /* Assets.xcassets in Resources */ = {isa = PBXBuildFile; fileRef = 699F9A141E6C8DE9003E2F0B /* Assets.xcassets */; };
		699F9A181E6C8DE9003E2F0B /* LaunchScreen.storyboard in Resources */ = {isa = PBXBuildFile; fileRef = 699F9A161E6C8DE9003E2F0B /* LaunchScreen.storyboard */; };
		699F9A231E6C8DEA003E2F0B /* MiraclePillTests.swift in Sources */ = {isa = PBXBuildFile; fileRef = 699F9A221E6C8DEA003E2F0B /* MiraclePillTests.swift */; };
		699F9A2E1E6C8DEA003E2F0B /* MiraclePillUITests.swift in Sources */ = {isa = PBXBuildFile; fileRef = 699F9A2D1E6C8DEA003E2F0B /* MiraclePillUITests.swift */; };
/* End PBXBuildFile section */

/* Begin PBXContainerItemProxy section */
		699F9A1F1E6C8DEA003E2F0B /* PBXContainerItemProxy */ = {
			isa = PBXContainerItemProxy;
			containerPortal = 699F9A021E6C8DE9003E2F0B /* Project object */;
			proxyType = 1;
			remoteGlobalIDString = 699F9A091E6C8DE9003E2F0B;
			remoteInfo = MiraclePill;
		};
		699F9A2A1E6C8DEA003E2F0B /* PBXContainerItemProxy */ = {
			isa = PBXContainerItemProxy;
			containerPortal = 699F9A021E6C8DE9003E2F0B /* Project object */;
			proxyType = 1;
			remoteGlobalIDString = 699F9A091E6C8DE9003E2F0B;
			remoteInfo = MiraclePill;
		};
/* End PBXContainerItemProxy section */

/* Begin PBXFileReference section */
		699F9A0A1E6C8DE9003E2F0B /* MiraclePill.app */ = {isa = PBXFileReference; explicitFileType = wrapper.application; includeInIndex = 0; path = MiraclePill.app; sourceTree = BUILT_PRODUCTS_DIR; };
		699F9A0D1E6C8DE9003E2F0B /* AppDelegate.swift */ = {isa = PBXFileReference; lastKnownFileType = sourcecode.swift; path = AppDelegate.swift; sourceTree = "<group>"; };
		699F9A0F1E6C8DE9003E2F0B /* ViewController.swift */ = {isa = PBXFileReference; lastKnownFileType = sourcecode.swift; path = ViewController.swift; sourceTree = "<group>"; };
		699F9A121E6C8DE9003E2F0B /* Base */ = {isa = PBXFileReference; lastKnownFileType = file.storyboard; name = Base; path = Base.lproj/Main.storyboard; sourceTree = "<group>"; };
		699F9A141E6C8DE9003E2F0B /* Assets.xcassets */ = {isa = PBXFileReference; lastKnownFileType = folder.assetcatalog; path = Assets.xcassets; sourceTree = "<group>"; };
		699F9A171E6C8DE9003E2F0B /* Base */ = {isa = PBXFileReference; lastKnownFileType = file.storyboard; name = Base; path = Base.lproj/LaunchScreen.storyboard; sourceTree = "<group>"; };
		699F9A191E6C8DE9003E2F0B /* Info.plist */ = {isa = PBXFileReference; lastKnownFileType = text.plist.xml; path = Info.plist; sourceTree = "<group>"; };
		699F9A1E1E6C8DEA003E2F0B /* MiraclePillTests.xctest */ = {isa = PBXFileReference; explicitFileType = wrapper.cfbundle; includeInIndex = 0; path = MiraclePillTests.xctest; sourceTree = BUILT_PRODUCTS_DIR; };
		699F9A221E6C8DEA003E2F0B /* MiraclePillTests.swift */ = {isa = PBXFileReference; lastKnownFileType = sourcecode.swift; path = MiraclePillTests.swift; sourceTree = "<group>"; };
		699F9A241E6C8DEA003E2F0B /* Info.plist */ = {isa = PBXFileReference; lastKnownFileType = text.plist.xml; path = Info.plist; sourceTree = "<group>"; };
		699F9A291E6C8DEA003E2F0B /* MiraclePillUITests.xctest */ = {isa = PBXFileReference; explicitFileType = wrapper.cfbundle; includeInIndex = 0; path = MiraclePillUITests.xctest; sourceTree = BUILT_PRODUCTS_DIR; };
		699F9A2D1E6C8DEA003E2F0B /* MiraclePillUITests.swift */ = {isa = PBXFileReference; lastKnownFileType = sourcecode.swift; path = MiraclePillUITests.swift; sourceTree = "<group>"; };
		699F9A2F1E6C8DEA003E2F0B /* Info.plist */ = {isa = PBXFileReference; lastKnownFileType = text.plist.xml; path = Info.plist; sourceTree = "<group>"; };
/* End PBXFileReference section */

/* Begin PBXFrameworksBuildPhase section */
		699F9A071E6C8DE9003E2F0B /* Frameworks */ = {
			isa = PBXFrameworksBuildPhase;
			buildActionMask = 2147483647;
			files = (
			);
			runOnlyForDeploymentPostprocessing = 0;
		};
		699F9A1B1E6C8DEA003E2F0B /* Frameworks */ = {
			isa = PBXFrameworksBuildPhase;
			buildActionMask = 2147483647;
			files = (
			);
			runOnlyForDeploymentPostprocessing = 0;
		};
		699F9A261E6C8DEA003E2F0B /* Frameworks */ = {
			isa = PBXFrameworksBuildPhase;
			buildActionMask = 2147483647;
			files = (
			);
			runOnlyForDeploymentPostprocessing = 0;
		};
/* End PBXFrameworksBuildPhase section */

/* Begin PBXGroup section */
		699F9A011E6C8DE9003E2F0B = {
			isa = PBXGroup;
			children = (
				699F9A0C1E6C8DE9003E2F0B /* MiraclePill */,
				699F9A211E6C8DEA003E2F0B /* MiraclePillTests */,
				699F9A2C1E6C8DEA003E2F0B /* MiraclePillUITests */,
				699F9A0B1E6C8DE9003E2F0B /* Products */,
			);
			sourceTree = "<group>";
		};
		699F9A0B1E6C8DE9003E2F0B /* Products */ = {
			isa = PBXGroup;
			children = (
				699F9A0A1E6C8DE9003E2F0B /* MiraclePill.app */,
				699F9A1E1E6C8DEA003E2F0B /* MiraclePillTests.xctest */,
				699F9A291E6C8DEA003E2F0B /* MiraclePillUITests.xctest */,
			);
			name = Products;
			sourceTree = "<group>";
		};
		699F9A0C1E6C8DE9003E2F0B /* MiraclePill */ = {
			isa = PBXGroup;
			children = (
				699F9A0D1E6C8DE9003E2F0B /* AppDelegate.swift */,
				699F9A0F1E6C8DE9003E2F0B /* ViewController.swift */,
				699F9A111E6C8DE9003E2F0B /* Main.storyboard */,
				699F9A141E6C8DE9003E2F0B /* Assets.xcassets */,
				699F9A161E6C8DE9003E2F0B /* LaunchScreen.storyboard */,
				699F9A191E6C8DE9003E2F0B /* Info.plist */,
			);
			path = MiraclePill;
			sourceTree = "<group>";
		};
		699F9A211E6C8DEA003E2F0B /* MiraclePillTests */ = {
			isa = PBXGroup;
			children = (
				699F9A221E6C8DEA003E2F0B /* MiraclePillTests.swift */,
				699F9A241E6C8DEA003E2F0B /* Info.plist */,
			);
			path = MiraclePillTests;
			sourceTree = "<group>";
		};
		699F9A2C1E6C8DEA003E2F0B /* MiraclePillUITests */ = {
			isa = PBXGroup;
			children = (
				699F9A2D1E6C8DEA003E2F0B /* MiraclePillUITests.swift */,
				699F9A2F1E6C8DEA003E2F0B /* Info.plist */,
			);
			path = MiraclePillUITests;
			sourceTree = "<group>";
		};
/* End PBXGroup section */

/* Begin PBXNativeTarget section */
		699F9A091E6C8DE9003E2F0B /* MiraclePill */ = {
			isa = PBXNativeTarget;
			buildConfigurationList = 699F9A321E6C8DEA003E2F0B /* Build configuration list for PBXNativeTarget "MiraclePill" */;
			buildPhases = (
				699F9A061E6C8DE9003E2F0B /* Sources */,
				699F9A071E6C8DE9003E2F0B /* Frameworks */,
				699F9A081E6C8DE9003E2F0B /* Resources */,
			);
			buildRules = (
			);
			dependencies = (
			);
			name = MiraclePill;
			productName = MiraclePill;
			productReference = 699F9A0A1E6C8DE9003E2F0B /* MiraclePill.app */;
			productType = "com.apple.product-type.application";
		};
		699F9A1D1E6C8DEA003E2F0B /* MiraclePillTests */ = {
			isa = PBXNativeTarget;
			buildConfigurationList = 699F9A351E6C8DEA003E2F0B /* Build configuration list for PBXNativeTarget "MiraclePillTests" */;
			buildPhases = (
				699F9A1A1E6C8DEA003E2F0B /* Sources */,
				699F9A1B1E6C8DEA003E2F0B /* Frameworks */,
				699F9A1C1E6C8DEA003E2F0B /* Resources */,
			);
			buildRules = (
			);
			dependencies = (
				699F9A201E6C8DEA003E2F0B /* PBXTargetDependency */,
			);
			name = MiraclePillTests;
			productName = MiraclePillTests;
			productReference = 699F9A1E1E6C8DEA003E2F0B /* MiraclePillTests.xctest */;
			productType = "com.apple.product-type.bundle.unit-test";
		};
		699F9A281E6C8DEA003E2F0B /* MiraclePillUITests */ = {
			isa = PBXNativeTarget;
			buildConfigurationList = 699F9A381E6C8DEA003E2F0B /* Build configuration list for PBXNativeTarget "MiraclePillUITests" */;
			buildPhases = (
				699F9A251E6C8DEA003E2F0B /* Sources */,
				699F9A261E6C8DEA003E2F0B /* Frameworks */,
				699F9A271E6C8DEA003E2F0B /* Resources */,
			);
			buildRules = (
			);
			dependencies = (
				699F9A2B1E6C8DEA003E2F0B /* PBXTargetDependency */,
			);
			name = MiraclePillUITests;
			productName = MiraclePillUITests;
			productReference = 699F9A291E6C8DEA003E2F0B /* MiraclePillUITests.xctest */;
			productType = "com.apple.product-type.bundle.ui-testing";
		};
/* End PBXNativeTarget section */

/* Begin PBXProject section */
		699F9A021E6C8DE9003E2F0B /* Project object */ = {
			isa = PBXProject;
			attributes = {
				LastSwiftUpdateCheck = 0820;
				LastUpgradeCheck = 0820;
				ORGANIZATIONNAME = "Guilherme Cardoso";
				TargetAttributes = {
					699F9A091E6C8DE9003E2F0B = {
						CreatedOnToolsVersion = 8.2.1;
						ProvisioningStyle = Automatic;
					};
					699F9A1D1E6C8DEA003E2F0B = {
						CreatedOnToolsVersion = 8.2.1;
						ProvisioningStyle = Automatic;
						TestTargetID = 699F9A091E6C8DE9003E2F0B;
					};
					699F9A281E6C8DEA003E2F0B = {
						CreatedOnToolsVersion = 8.2.1;
						ProvisioningStyle = Automatic;
						TestTargetID = 699F9A091E6C8DE9003E2F0B;
					};
				};
			};
			buildConfigurationList = 699F9A051E6C8DE9003E2F0B /* Build configuration list for PBXProject "MiraclePill" */;
			compatibilityVersion = "Xcode 3.2";
			developmentRegion = English;
			hasScannedForEncodings = 0;
			knownRegions = (
				en,
				Base,
			);
			mainGroup = 699F9A011E6C8DE9003E2F0B;
			productRefGroup = 699F9A0B1E6C8DE9003E2F0B /* Products */;
			projectDirPath = "";
			projectRoot = "";
			targets = (
				699F9A091E6C8DE9003E2F0B /* MiraclePill */,
				699F9A1D1E6C8DEA003E2F0B /* MiraclePillTests */,
				699F9A281E6C8DEA003E2F0B /* MiraclePillUITests */,
			);
		};
/* End PBXProject section */

/* Begin PBXResourcesBuildPhase section */
		699F9A081E6C8DE9003E2F0B /* Resources */ = {
			isa = PBXResourcesBuildPhase;
			buildActionMask = 2147483647;
			files = (
				699F9A181E6C8DE9003E2F0B /* LaunchScreen.storyboard in Resources */,
				699F9A151E6C8DE9003E2F0B /* Assets.xcassets in Resources */,
				699F9A131E6C8DE9003E2F0B /* Main.storyboard in Resources */,
			);
			runOnlyForDeploymentPostprocessing = 0;
		};
		699F9A1C1E6C8DEA003E2F0B /* Resources */ = {
			isa = PBXResourcesBuildPhase;
			buildActionMask = 2147483647;
			files = (
			);
			runOnlyForDeploymentPostprocessing = 0;
		};
		699F9A271E6C8DEA003E2F0B /* Resources */ = {
			isa = PBXResourcesBuildPhase;
			buildActionMask = 2147483647;
			files = (
			);
			runOnlyForDeploymentPostprocessing = 0;
		};
/* End PBXResourcesBuildPhase section */

/* Begin PBXSourcesBuildPhase section */
		699F9A061E6C8DE9003E2F0B /* Sources */ = {
			isa = PBXSourcesBuildPhase;
			buildActionMask = 2147483647;
			files = (
				699F9A101E6C8DE9003E2F0B /* ViewController.swift in Sources */,
				699F9A0E1E6C8DE9003E2F0B /* AppDelegate.swift in Sources */,
			);
			runOnlyForDeploymentPostprocessing = 0;
		};
		699F9A1A1E6C8DEA003E2F0B /* Sources */ = {
			isa = PBXSourcesBuildPhase;
			buildActionMask = 2147483647;
			files = (
				699F9A231E6C8DEA003E2F0B /* MiraclePillTests.swift in Sources */,
			);
			runOnlyForDeploymentPostprocessing = 0;
		};
		699F9A251E6C8DEA003E2F0B /* Sources */ = {
			isa = PBXSourcesBuildPhase;
			buildActionMask = 2147483647;
			files = (
				699F9A2E1E6C8DEA003E2F0B /* MiraclePillUITests.swift in Sources */,
			);
			runOnlyForDeploymentPostprocessing = 0;
		};
/* End PBXSourcesBuildPhase section */

/* Begin PBXTargetDependency section */
		699F9A201E6C8DEA003E2F0B /* PBXTargetDependency */ = {
			isa = PBXTargetDependency;
			target = 699F9A091E6C8DE9003E2F0B /* MiraclePill */;
			targetProxy = 699F9A1F1E6C8DEA003E2F0B /* PBXContainerItemProxy */;
		};
		699F9A2B1E6C8DEA003E2F0B /* PBXTargetDependency */ = {
			isa = PBXTargetDependency;
			target = 699F9A091E6C8DE9003E2F0B /* MiraclePill */;
			targetProxy = 699F9A2A1E6C8DEA003E2F0B /* PBXContainerItemProxy */;
		};
/* End PBXTargetDependency section */

/* Begin PBXVariantGroup section */
		699F9A111E6C8DE9003E2F0B /* Main.storyboard */ = {
			isa = PBXVariantGroup;
			children = (
				699F9A121E6C8DE9003E2F0B /* Base */,
			);
			name = Main.storyboard;
			sourceTree = "<group>";
		};
		699F9A161E6C8DE9003E2F0B /* LaunchScreen.storyboard */ = {
			isa = PBXVariantGroup;
			children = (
				699F9A171E6C8DE9003E2F0B /* Base */,
			);
			name = LaunchScreen.storyboard;
			sourceTree = "<group>";
		};
/* End PBXVariantGroup section */

/* Begin XCBuildConfiguration section */
		699F9A301E6C8DEA003E2F0B /* Debug */ = {
			isa = XCBuildConfiguration;
			buildSettings = {
				ALWAYS_SEARCH_USER_PATHS = NO;
				CLANG_ANALYZER_NONNULL = YES;
				CLANG_CXX_LANGUAGE_STANDARD = "gnu++0x";
				CLANG_CXX_LIBRARY = "libc++";
				CLANG_ENABLE_MODULES = YES;
				CLANG_ENABLE_OBJC_ARC = YES;
				CLANG_WARN_BOOL_CONVERSION = YES;
				CLANG_WARN_CONSTANT_CONVERSION = YES;
				CLANG_WARN_DIRECT_OBJC_ISA_USAGE = YES_ERROR;
				CLANG_WARN_DOCUMENTATION_COMMENTS = YES;
				CLANG_WARN_EMPTY_BODY = YES;
				CLANG_WARN_ENUM_CONVERSION = YES;
				CLANG_WARN_INFINITE_RECURSION = YES;
				CLANG_WARN_INT_CONVERSION = YES;
				CLANG_WARN_OBJC_ROOT_CLASS = YES_ERROR;
				CLANG_WARN_SUSPICIOUS_MOVE = YES;
				CLANG_WARN_UNREACHABLE_CODE = YES;
				CLANG_WARN__DUPLICATE_METHOD_MATCH = YES;
				"CODE_SIGN_IDENTITY[sdk=iphoneos*]" = "iPhone Developer";
				COPY_PHASE_STRIP = NO;
				DEBUG_INFORMATION_FORMAT = dwarf;
				ENABLE_STRICT_OBJC_MSGSEND = YES;
				ENABLE_TESTABILITY = YES;
				GCC_C_LANGUAGE_STANDARD = gnu99;
				GCC_DYNAMIC_NO_PIC = NO;
				GCC_NO_COMMON_BLOCKS = YES;
				GCC_OPTIMIZATION_LEVEL = 0;
				GCC_PREPROCESSOR_DEFINITIONS = (
					"DEBUG=1",
					"$(inherited)",
				);
				GCC_WARN_64_TO_32_BIT_CONVERSION = YES;
				GCC_WARN_ABOUT_RETURN_TYPE = YES_ERROR;
				GCC_WARN_UNDECLARED_SELECTOR = YES;
				GCC_WARN_UNINITIALIZED_AUTOS = YES_AGGRESSIVE;
				GCC_WARN_UNUSED_FUNCTION = YES;
				GCC_WARN_UNUSED_VARIABLE = YES;
				IPHONEOS_DEPLOYMENT_TARGET = 10.2;
				MTL_ENABLE_DEBUG_INFO = YES;
				ONLY_ACTIVE_ARCH = YES;
				SDKROOT = iphoneos;
				SWIFT_ACTIVE_COMPILATION_CONDITIONS = DEBUG;
				SWIFT_OPTIMIZATION_LEVEL = "-Onone";
				TARGETED_DEVICE_FAMILY = "1,2";
			};
			name = Debug;
		};
		699F9A311E6C8DEA003E2F0B /* Release */ = {
			isa = XCBuildConfiguration;
			buildSettings = {
				ALWAYS_SEARCH_USER_PATHS = NO;
				CLANG_ANALYZER_NONNULL = YES;
				CLANG_CXX_LANGUAGE_STANDARD = "gnu++0x";
				CLANG_CXX_LIBRARY = "libc++";
				CLANG_ENABLE_MODULES = YES;
				CLANG_ENABLE_OBJC_ARC = YES;
				CLANG_WARN_BOOL_CONVERSION = YES;
				CLANG_WARN_CONSTANT_CONVERSION = YES;
				CLANG_WARN_DIRECT_OBJC_ISA_USAGE = YES_ERROR;
				CLANG_WARN_DOCUMENTATION_COMMENTS = YES;
				CLANG_WARN_EMPTY_BODY = YES;
				CLANG_WARN_ENUM_CONVERSION = YES;
				CLANG_WARN_INFINITE_RECURSION = YES;
				CLANG_WARN_INT_CONVERSION = YES;
				CLANG_WARN_OBJC_ROOT_CLASS = YES_ERROR;
				CLANG_WARN_SUSPICIOUS_MOVE = YES;
				CLANG_WARN_UNREACHABLE_CODE = YES;
				CLANG_WARN__DUPLICATE_METHOD_MATCH = YES;
				"CODE_SIGN_IDENTITY[sdk=iphoneos*]" = "iPhone Developer";
				COPY_PHASE_STRIP = NO;
				DEBUG_INFORMATION_FORMAT = "dwarf-with-dsym";
				ENABLE_NS_ASSERTIONS = NO;
				ENABLE_STRICT_OBJC_MSGSEND = YES;
				GCC_C_LANGUAGE_STANDARD = gnu99;
				GCC_NO_COMMON_BLOCKS = YES;
				GCC_WARN_64_TO_32_BIT_CONVERSION = YES;
				GCC_WARN_ABOUT_RETURN_TYPE = YES_ERROR;
				GCC_WARN_UNDECLARED_SELECTOR = YES;
				GCC_WARN_UNINITIALIZED_AUTOS = YES_AGGRESSIVE;
				GCC_WARN_UNUSED_FUNCTION = YES;
				GCC_WARN_UNUSED_VARIABLE = YES;
				IPHONEOS_DEPLOYMENT_TARGET = 10.2;
				MTL_ENABLE_DEBUG_INFO = NO;
				SDKROOT = iphoneos;
				SWIFT_OPTIMIZATION_LEVEL = "-Owholemodule";
				TARGETED_DEVICE_FAMILY = "1,2";
				VALIDATE_PRODUCT = YES;
			};
			name = Release;
		};
		699F9A331E6C8DEA003E2F0B /* Debug */ = {
			isa = XCBuildConfiguration;
			buildSettings = {
				ASSETCATALOG_COMPILER_APPICON_NAME = AppIcon;
				INFOPLIST_FILE = MiraclePill/Info.plist;
				LD_RUNPATH_SEARCH_PATHS = "$(inherited) @executable_path/Frameworks";
				PRODUCT_BUNDLE_IDENTIFIER = guilhermecardoso.MiraclePill;
				PRODUCT_NAME = "$(TARGET_NAME)";
				SWIFT_VERSION = 3.0;
			};
			name = Debug;
		};
		699F9A341E6C8DEA003E2F0B /* Release */ = {
			isa = XCBuildConfiguration;
			buildSettings = {
				ASSETCATALOG_COMPILER_APPICON_NAME = AppIcon;
				INFOPLIST_FILE = MiraclePill/Info.plist;
				LD_RUNPATH_SEARCH_PATHS = "$(inherited) @executable_path/Frameworks";
				PRODUCT_BUNDLE_IDENTIFIER = guilhermecardoso.MiraclePill;
				PRODUCT_NAME = "$(TARGET_NAME)";
				SWIFT_VERSION = 3.0;
			};
			name = Release;
		};
		699F9A361E6C8DEA003E2F0B /* Debug */ = {
			isa = XCBuildConfiguration;
			buildSettings = {
				ALWAYS_EMBED_SWIFT_STANDARD_LIBRARIES = YES;
				BUNDLE_LOADER = "$(TEST_HOST)";
				INFOPLIST_FILE = MiraclePillTests/Info.plist;
				LD_RUNPATH_SEARCH_PATHS = "$(inherited) @executable_path/Frameworks @loader_path/Frameworks";
				PRODUCT_BUNDLE_IDENTIFIER = guilhermecardoso.MiraclePillTests;
				PRODUCT_NAME = "$(TARGET_NAME)";
				SWIFT_VERSION = 3.0;
				TEST_HOST = "$(BUILT_PRODUCTS_DIR)/MiraclePill.app/MiraclePill";
			};
			name = Debug;
		};
		699F9A371E6C8DEA003E2F0B /* Release */ = {
			isa = XCBuildConfiguration;
			buildSettings = {
				ALWAYS_EMBED_SWIFT_STANDARD_LIBRARIES = YES;
				BUNDLE_LOADER = "$(TEST_HOST)";
				INFOPLIST_FILE = MiraclePillTests/Info.plist;
				LD_RUNPATH_SEARCH_PATHS = "$(inherited) @executable_path/Frameworks @loader_path/Frameworks";
				PRODUCT_BUNDLE_IDENTIFIER = guilhermecardoso.MiraclePillTests;
				PRODUCT_NAME = "$(TARGET_NAME)";
				SWIFT_VERSION = 3.0;
				TEST_HOST = "$(BUILT_PRODUCTS_DIR)/MiraclePill.app/MiraclePill";
			};
			name = Release;
		};
		699F9A391E6C8DEA003E2F0B /* Debug */ = {
			isa = XCBuildConfiguration;
			buildSettings = {
				ALWAYS_EMBED_SWIFT_STANDARD_LIBRARIES = YES;
				INFOPLIST_FILE = MiraclePillUITests/Info.plist;
				LD_RUNPATH_SEARCH_PATHS = "$(inherited) @executable_path/Frameworks @loader_path/Frameworks";
				PRODUCT_BUNDLE_IDENTIFIER = guilhermecardoso.MiraclePillUITests;
				PRODUCT_NAME = "$(TARGET_NAME)";
				SWIFT_VERSION = 3.0;
				TEST_TARGET_NAME = MiraclePill;
			};
			name = Debug;
		};
		699F9A3A1E6C8DEA003E2F0B /* Release */ = {
			isa = XCBuildConfiguration;
			buildSettings = {
				ALWAYS_EMBED_SWIFT_STANDARD_LIBRARIES = YES;
				INFOPLIST_FILE = MiraclePillUITests/Info.plist;
				LD_RUNPATH_SEARCH_PATHS = "$(inherited) @executable_path/Frameworks @loader_path/Frameworks";
				PRODUCT_BUNDLE_IDENTIFIER = guilhermecardoso.MiraclePillUITests;
				PRODUCT_NAME = "$(TARGET_NAME)";
				SWIFT_VERSION = 3.0;
				TEST_TARGET_NAME = MiraclePill;
			};
			name = Release;
		};
/* End XCBuildConfiguration section */

/* Begin XCConfigurationList section */
		699F9A051E6C8DE9003E2F0B /* Build configuration list for PBXProject "MiraclePill" */ = {
			isa = XCConfigurationList;
			buildConfigurations = (
				699F9A301E6C8DEA003E2F0B /* Debug */,
				699F9A311E6C8DEA003E2F0B /* Release */,
			);
			defaultConfigurationIsVisible = 0;
			defaultConfigurationName = Release;
		};
		699F9A321E6C8DEA003E2F0B /* Build configuration list for PBXNativeTarget "MiraclePill" */ = {
			isa = XCConfigurationList;
			buildConfigurations = (
				699F9A331E6C8DEA003E2F0B /* Debug */,
				699F9A341E6C8DEA003E2F0B /* Release */,
			);
			defaultConfigurationIsVisible = 0;
		};
		699F9A351E6C8DEA003E2F0B /* Build configuration list for PBXNativeTarget "MiraclePillTests" */ = {
			isa = XCConfigurationList;
			buildConfigurations = (
				699F9A361E6C8DEA003E2F0B /* Debug */,
				699F9A371E6C8DEA003E2F0B /* Release */,
			);
			defaultConfigurationIsVisible = 0;
		};
		699F9A381E6C8DEA003E2F0B /* Build configuration list for PBXNativeTarget "MiraclePillUITests" */ = {
			isa = XCConfigurationList;
			buildConfigurations = (
				699F9A391E6C8DEA003E2F0B /* Debug */,
				699F9A3A1E6C8DEA003E2F0B /* Release */,
			);
			defaultConfigurationIsVisible = 0;
		};
/* End XCConfigurationList section */
	};
	rootObject = 699F9A021E6C8DE9003E2F0B /* Project object */;
}
